
Microsoft Visual Studio Solution File, Format Version 12.00
# Visual Studio Version 17
VisualStudioVersion = 17.14.36301.6
MinimumVisualStudioVersion = 10.0.40219.1
Project("{FAE04EC0-301F-11D3-BF4B-00C04F79EFBC}") = "Goldmyrah_V1.0", "Goldmyrah_V1.0\Goldmyrah_V1.0.csproj", "{A52C9FBC-86E5-4B0C-AF92-09FA106C3D6C}"
EndProject
Global
	GlobalSection(SolutionConfigurationPlatforms) = preSolution
		Debug|Any CPU = Debug|Any CPU
		Release|Any CPU = Release|Any CPU
	EndGlobalSection
	GlobalSection(ProjectConfigurationPlatforms) = postSolution
		{A52C9FBC-86E5-4B0C-AF92-09FA106C3D6C}.Debug|Any CPU.ActiveCfg = Debug|Any CPU
		{A52C9FBC-86E5-4B0C-AF92-09FA106C3D6C}.Debug|Any CPU.Build.0 = Debug|Any CPU
		{A52C9FBC-86E5-4B0C-AF92-09FA106C3D6C}.Release|Any CPU.ActiveCfg = Release|Any CPU
		{A52C9FBC-86E5-4B0C-AF92-09FA106C3D6C}.Release|Any CPU.Build.0 = Release|Any CPU
	EndGlobalSection
	GlobalSection(SolutionProperties) = preSolution
		HideSolutionNode = FALSE
	EndGlobalSection
	GlobalSection(ExtensibilityGlobals) = postSolution
		SolutionGuid = {C1A5F22D-C7B1-4255-AA8E-22518CBD098F}
	EndGlobalSection
EndGlobal
